
Microsoft Visual Studio Solution File, Format Version 12.00
Project("{FAE04EC0-301F-11D3-BF4B-00C04F79EFBC}") = "WebApp", "WebApp\WebApp.csproj", "{D8904621-C2CF-44C8-A15B-F389069D289F}"
EndProject
Project("{2150E333-8FDC-42A3-9474-1A3956D46DE8}") = "Solution Items", "Solution Items", "{948D798F-8D4B-4E3C-9234-F25B55851A06}"
	ProjectSection(SolutionItems) = preProject
		..\.gitignore = ..\.gitignore
		..\README.md = ..\README.md
		..\docker-compose.yml = ..\docker-compose.yml
		Dockerfile = Dockerfile
		.dockerignore = .dockerignore
	EndProjectSection
EndProject
Project("{2150E333-8FDC-42A3-9474-1A3956D46DE8}") = "APP", "APP", "{892C4A3C-BAC6-41AD-9C56-19E5AD5D2994}"
EndProject
Project("{2150E333-8FDC-42A3-9474-1A3956D46DE8}") = "BASE", "BASE", "{4B469DCF-35FB-45E5-A72C-B0576CFB5045}"
EndProject
Project("{FAE04EC0-301F-11D3-BF4B-00C04F79EFBC}") = "Base.Domain", "Base.Domain\Base.Domain.csproj", "{93E3E07D-C945-443A-BD4F-45C3870B107F}"
EndProject
Project("{2150E333-8FDC-42A3-9474-1A3956D46DE8}") = "Contracts", "Contracts", "{6E55296E-2AF9-43CA-8F18-56C4376F3C1B}"
EndProject
Project("{FAE04EC0-301F-11D3-BF4B-00C04F79EFBC}") = "Base.Contracts.Domain", "Base.Contracts.Domain\Base.Contracts.Domain.csproj", "{4F598D7B-38B5-4C69-8BB7-D2118F3324A3}"
EndProject
Project("{FAE04EC0-301F-11D3-BF4B-00C04F79EFBC}") = "App.Domain", "App.Domain\App.Domain.csproj", "{BB7C5AEB-BE22-4BE0-AECA-A11ECB6914EF}"
EndProject
Project("{FAE04EC0-301F-11D3-BF4B-00C04F79EFBC}") = "App.DAL.EF", "App.DAL.EF\App.DAL.EF.csproj", "{718C2830-1B9A-4E00-95DF-C986EB603980}"
EndProject
Project("{FAE04EC0-301F-11D3-BF4B-00C04F79EFBC}") = "Base.Contracts.DAL", "Base.Contracts.DAL\Base.Contracts.DAL.csproj", "{E7ED0887-855E-4195-8085-7FD39B1E8EC2}"
EndProject
Project("{FAE04EC0-301F-11D3-BF4B-00C04F79EFBC}") = "Base.DAL.EF", "Base.DAL.EF\Base.DAL.EF.csproj", "{05D621AD-39A3-43EF-9F37-92B3D18FA955}"
EndProject
Project("{2150E333-8FDC-42A3-9474-1A3956D46DE8}") = "Contracts", "Contracts", "{5C5F5040-85BC-4A62-BD97-48A113495AB0}"
EndProject
Project("{FAE04EC0-301F-11D3-BF4B-00C04F79EFBC}") = "App.Contracts.DAL", "App.Contracts.DAL\App.Contracts.DAL.csproj", "{6C09CF9A-3EE1-4852-BFCD-E0CE32FE0206}"
EndProject
Project("{2150E333-8FDC-42A3-9474-1A3956D46DE8}") = "TESTS", "TESTS", "{20BABA23-2487-4FD8-883D-3372B0E7A048}"
EndProject
Project("{FAE04EC0-301F-11D3-BF4B-00C04F79EFBC}") = "Tests.WebApp", "Tests.WebApp\Tests.WebApp.csproj", "{2C9EDBF1-2479-45BB-9920-55F5342F11A9}"
EndProject
Project("{FAE04EC0-301F-11D3-BF4B-00C04F79EFBC}") = "Base.Helpers", "Base.Helpers\Base.Helpers.csproj", "{67AB5880-F2AB-42D9-8202-6AACE8F4DDDB}"
EndProject
Project("{FAE04EC0-301F-11D3-BF4B-00C04F79EFBC}") = "App.Public.DTO", "App.Public.DTO\App.Public.DTO.csproj", "{2B1D8622-84CB-4E91-9422-1F1D370951E6}"
EndProject
Project("{FAE04EC0-301F-11D3-BF4B-00C04F79EFBC}") = "Base.Contracts", "Base.Contracts\Base.Contracts.csproj", "{4BE53E35-5F5D-4362-8CFE-6332643723AC}"
EndProject
Project("{FAE04EC0-301F-11D3-BF4B-00C04F79EFBC}") = "Base.DAL", "Base.DAL\Base.DAL.csproj", "{89892EDB-CA0F-4769-8D8B-21B41273F85E}"
EndProject
Project("{FAE04EC0-301F-11D3-BF4B-00C04F79EFBC}") = "Base.Contracts.BLL", "Base.Contracts.BLL\Base.Contracts.BLL.csproj", "{7FAB1E5A-2DA9-4E5B-B796-235C369EA306}"
EndProject
Project("{FAE04EC0-301F-11D3-BF4B-00C04F79EFBC}") = "Base.BLL", "Base.BLL\Base.BLL.csproj", "{69CADF70-5956-48F3-A91C-477A7AB83EF8}"
EndProject
Project("{FAE04EC0-301F-11D3-BF4B-00C04F79EFBC}") = "App.BLL", "App.BLL\App.BLL.csproj", "{B96F31B8-E3A0-443A-87A3-A145FFC1C5DA}"
EndProject
Project("{FAE04EC0-301F-11D3-BF4B-00C04F79EFBC}") = "App.BLL.DTO", "App.BLL.DTO\App.BLL.DTO.csproj", "{6F35F3E8-5939-4874-93B6-B7E31C0D8BC8}"
EndProject
Project("{FAE04EC0-301F-11D3-BF4B-00C04F79EFBC}") = "App.Contracts.BLL", "App.Contracts.BLL\App.Contracts.BLL.csproj", "{4C9373F1-7CE9-4CDA-9EEC-4C36A69E5006}"
EndProject
Global
	GlobalSection(SolutionConfigurationPlatforms) = preSolution
		Debug|Any CPU = Debug|Any CPU
		Release|Any CPU = Release|Any CPU
	EndGlobalSection
	GlobalSection(ProjectConfigurationPlatforms) = postSolution
		{D8904621-C2CF-44C8-A15B-F389069D289F}.Debug|Any CPU.ActiveCfg = Debug|Any CPU
		{D8904621-C2CF-44C8-A15B-F389069D289F}.Debug|Any CPU.Build.0 = Debug|Any CPU
		{D8904621-C2CF-44C8-A15B-F389069D289F}.Release|Any CPU.ActiveCfg = Release|Any CPU
		{D8904621-C2CF-44C8-A15B-F389069D289F}.Release|Any CPU.Build.0 = Release|Any CPU
		{93E3E07D-C945-443A-BD4F-45C3870B107F}.Debug|Any CPU.ActiveCfg = Debug|Any CPU
		{93E3E07D-C945-443A-BD4F-45C3870B107F}.Debug|Any CPU.Build.0 = Debug|Any CPU
		{93E3E07D-C945-443A-BD4F-45C3870B107F}.Release|Any CPU.ActiveCfg = Release|Any CPU
		{93E3E07D-C945-443A-BD4F-45C3870B107F}.Release|Any CPU.Build.0 = Release|Any CPU
		{4F598D7B-38B5-4C69-8BB7-D2118F3324A3}.Debug|Any CPU.ActiveCfg = Debug|Any CPU
		{4F598D7B-38B5-4C69-8BB7-D2118F3324A3}.Debug|Any CPU.Build.0 = Debug|Any CPU
		{4F598D7B-38B5-4C69-8BB7-D2118F3324A3}.Release|Any CPU.ActiveCfg = Release|Any CPU
		{4F598D7B-38B5-4C69-8BB7-D2118F3324A3}.Release|Any CPU.Build.0 = Release|Any CPU
		{BB7C5AEB-BE22-4BE0-AECA-A11ECB6914EF}.Debug|Any CPU.ActiveCfg = Debug|Any CPU
		{BB7C5AEB-BE22-4BE0-AECA-A11ECB6914EF}.Debug|Any CPU.Build.0 = Debug|Any CPU
		{BB7C5AEB-BE22-4BE0-AECA-A11ECB6914EF}.Release|Any CPU.ActiveCfg = Release|Any CPU
		{BB7C5AEB-BE22-4BE0-AECA-A11ECB6914EF}.Release|Any CPU.Build.0 = Release|Any CPU
		{718C2830-1B9A-4E00-95DF-C986EB603980}.Debug|Any CPU.ActiveCfg = Debug|Any CPU
		{718C2830-1B9A-4E00-95DF-C986EB603980}.Debug|Any CPU.Build.0 = Debug|Any CPU
		{718C2830-1B9A-4E00-95DF-C986EB603980}.Release|Any CPU.ActiveCfg = Release|Any CPU
		{718C2830-1B9A-4E00-95DF-C986EB603980}.Release|Any CPU.Build.0 = Release|Any CPU
		{E7ED0887-855E-4195-8085-7FD39B1E8EC2}.Debug|Any CPU.ActiveCfg = Debug|Any CPU
		{E7ED0887-855E-4195-8085-7FD39B1E8EC2}.Debug|Any CPU.Build.0 = Debug|Any CPU
		{E7ED0887-855E-4195-8085-7FD39B1E8EC2}.Release|Any CPU.ActiveCfg = Release|Any CPU
		{E7ED0887-855E-4195-8085-7FD39B1E8EC2}.Release|Any CPU.Build.0 = Release|Any CPU
		{05D621AD-39A3-43EF-9F37-92B3D18FA955}.Debug|Any CPU.ActiveCfg = Debug|Any CPU
		{05D621AD-39A3-43EF-9F37-92B3D18FA955}.Debug|Any CPU.Build.0 = Debug|Any CPU
		{05D621AD-39A3-43EF-9F37-92B3D18FA955}.Release|Any CPU.ActiveCfg = Release|Any CPU
		{05D621AD-39A3-43EF-9F37-92B3D18FA955}.Release|Any CPU.Build.0 = Release|Any CPU
		{6C09CF9A-3EE1-4852-BFCD-E0CE32FE0206}.Debug|Any CPU.ActiveCfg = Debug|Any CPU
		{6C09CF9A-3EE1-4852-BFCD-E0CE32FE0206}.Debug|Any CPU.Build.0 = Debug|Any CPU
		{6C09CF9A-3EE1-4852-BFCD-E0CE32FE0206}.Release|Any CPU.ActiveCfg = Release|Any CPU
		{6C09CF9A-3EE1-4852-BFCD-E0CE32FE0206}.Release|Any CPU.Build.0 = Release|Any CPU
		{2C9EDBF1-2479-45BB-9920-55F5342F11A9}.Debug|Any CPU.ActiveCfg = Debug|Any CPU
		{2C9EDBF1-2479-45BB-9920-55F5342F11A9}.Debug|Any CPU.Build.0 = Debug|Any CPU
		{2C9EDBF1-2479-45BB-9920-55F5342F11A9}.Release|Any CPU.ActiveCfg = Release|Any CPU
		{2C9EDBF1-2479-45BB-9920-55F5342F11A9}.Release|Any CPU.Build.0 = Release|Any CPU
		{67AB5880-F2AB-42D9-8202-6AACE8F4DDDB}.Debug|Any CPU.ActiveCfg = Debug|Any CPU
		{67AB5880-F2AB-42D9-8202-6AACE8F4DDDB}.Debug|Any CPU.Build.0 = Debug|Any CPU
		{67AB5880-F2AB-42D9-8202-6AACE8F4DDDB}.Release|Any CPU.ActiveCfg = Release|Any CPU
		{67AB5880-F2AB-42D9-8202-6AACE8F4DDDB}.Release|Any CPU.Build.0 = Release|Any CPU
		{2B1D8622-84CB-4E91-9422-1F1D370951E6}.Debug|Any CPU.ActiveCfg = Debug|Any CPU
		{2B1D8622-84CB-4E91-9422-1F1D370951E6}.Debug|Any CPU.Build.0 = Debug|Any CPU
		{2B1D8622-84CB-4E91-9422-1F1D370951E6}.Release|Any CPU.ActiveCfg = Release|Any CPU
		{2B1D8622-84CB-4E91-9422-1F1D370951E6}.Release|Any CPU.Build.0 = Release|Any CPU
		{4BE53E35-5F5D-4362-8CFE-6332643723AC}.Debug|Any CPU.ActiveCfg = Debug|Any CPU
		{4BE53E35-5F5D-4362-8CFE-6332643723AC}.Debug|Any CPU.Build.0 = Debug|Any CPU
		{4BE53E35-5F5D-4362-8CFE-6332643723AC}.Release|Any CPU.ActiveCfg = Release|Any CPU
		{4BE53E35-5F5D-4362-8CFE-6332643723AC}.Release|Any CPU.Build.0 = Release|Any CPU
		{89892EDB-CA0F-4769-8D8B-21B41273F85E}.Debug|Any CPU.ActiveCfg = Debug|Any CPU
		{89892EDB-CA0F-4769-8D8B-21B41273F85E}.Debug|Any CPU.Build.0 = Debug|Any CPU
		{89892EDB-CA0F-4769-8D8B-21B41273F85E}.Release|Any CPU.ActiveCfg = Release|Any CPU
		{89892EDB-CA0F-4769-8D8B-21B41273F85E}.Release|Any CPU.Build.0 = Release|Any CPU
		{7FAB1E5A-2DA9-4E5B-B796-235C369EA306}.Debug|Any CPU.ActiveCfg = Debug|Any CPU
		{7FAB1E5A-2DA9-4E5B-B796-235C369EA306}.Debug|Any CPU.Build.0 = Debug|Any CPU
		{7FAB1E5A-2DA9-4E5B-B796-235C369EA306}.Release|Any CPU.ActiveCfg = Release|Any CPU
		{7FAB1E5A-2DA9-4E5B-B796-235C369EA306}.Release|Any CPU.Build.0 = Release|Any CPU
		{69CADF70-5956-48F3-A91C-477A7AB83EF8}.Debug|Any CPU.ActiveCfg = Debug|Any CPU
		{69CADF70-5956-48F3-A91C-477A7AB83EF8}.Debug|Any CPU.Build.0 = Debug|Any CPU
		{69CADF70-5956-48F3-A91C-477A7AB83EF8}.Release|Any CPU.ActiveCfg = Release|Any CPU
		{69CADF70-5956-48F3-A91C-477A7AB83EF8}.Release|Any CPU.Build.0 = Release|Any CPU
		{B96F31B8-E3A0-443A-87A3-A145FFC1C5DA}.Debug|Any CPU.ActiveCfg = Debug|Any CPU
		{B96F31B8-E3A0-443A-87A3-A145FFC1C5DA}.Debug|Any CPU.Build.0 = Debug|Any CPU
		{B96F31B8-E3A0-443A-87A3-A145FFC1C5DA}.Release|Any CPU.ActiveCfg = Release|Any CPU
		{B96F31B8-E3A0-443A-87A3-A145FFC1C5DA}.Release|Any CPU.Build.0 = Release|Any CPU
		{6F35F3E8-5939-4874-93B6-B7E31C0D8BC8}.Debug|Any CPU.ActiveCfg = Debug|Any CPU
		{6F35F3E8-5939-4874-93B6-B7E31C0D8BC8}.Debug|Any CPU.Build.0 = Debug|Any CPU
		{6F35F3E8-5939-4874-93B6-B7E31C0D8BC8}.Release|Any CPU.ActiveCfg = Release|Any CPU
		{6F35F3E8-5939-4874-93B6-B7E31C0D8BC8}.Release|Any CPU.Build.0 = Release|Any CPU
		{4C9373F1-7CE9-4CDA-9EEC-4C36A69E5006}.Debug|Any CPU.ActiveCfg = Debug|Any CPU
		{4C9373F1-7CE9-4CDA-9EEC-4C36A69E5006}.Debug|Any CPU.Build.0 = Debug|Any CPU
		{4C9373F1-7CE9-4CDA-9EEC-4C36A69E5006}.Release|Any CPU.ActiveCfg = Release|Any CPU
		{4C9373F1-7CE9-4CDA-9EEC-4C36A69E5006}.Release|Any CPU.Build.0 = Release|Any CPU
	EndGlobalSection
	GlobalSection(NestedProjects) = preSolution
		{93E3E07D-C945-443A-BD4F-45C3870B107F} = {4B469DCF-35FB-45E5-A72C-B0576CFB5045}
		{6E55296E-2AF9-43CA-8F18-56C4376F3C1B} = {4B469DCF-35FB-45E5-A72C-B0576CFB5045}
		{4F598D7B-38B5-4C69-8BB7-D2118F3324A3} = {6E55296E-2AF9-43CA-8F18-56C4376F3C1B}
		{BB7C5AEB-BE22-4BE0-AECA-A11ECB6914EF} = {892C4A3C-BAC6-41AD-9C56-19E5AD5D2994}
		{718C2830-1B9A-4E00-95DF-C986EB603980} = {892C4A3C-BAC6-41AD-9C56-19E5AD5D2994}
		{E7ED0887-855E-4195-8085-7FD39B1E8EC2} = {6E55296E-2AF9-43CA-8F18-56C4376F3C1B}
		{05D621AD-39A3-43EF-9F37-92B3D18FA955} = {4B469DCF-35FB-45E5-A72C-B0576CFB5045}
		{5C5F5040-85BC-4A62-BD97-48A113495AB0} = {892C4A3C-BAC6-41AD-9C56-19E5AD5D2994}
		{6C09CF9A-3EE1-4852-BFCD-E0CE32FE0206} = {5C5F5040-85BC-4A62-BD97-48A113495AB0}
		{2C9EDBF1-2479-45BB-9920-55F5342F11A9} = {20BABA23-2487-4FD8-883D-3372B0E7A048}
		{67AB5880-F2AB-42D9-8202-6AACE8F4DDDB} = {4B469DCF-35FB-45E5-A72C-B0576CFB5045}
		{2B1D8622-84CB-4E91-9422-1F1D370951E6} = {892C4A3C-BAC6-41AD-9C56-19E5AD5D2994}
		{4BE53E35-5F5D-4362-8CFE-6332643723AC} = {6E55296E-2AF9-43CA-8F18-56C4376F3C1B}
		{89892EDB-CA0F-4769-8D8B-21B41273F85E} = {4B469DCF-35FB-45E5-A72C-B0576CFB5045}
		{7FAB1E5A-2DA9-4E5B-B796-235C369EA306} = {6E55296E-2AF9-43CA-8F18-56C4376F3C1B}
		{69CADF70-5956-48F3-A91C-477A7AB83EF8} = {4B469DCF-35FB-45E5-A72C-B0576CFB5045}
		{B96F31B8-E3A0-443A-87A3-A145FFC1C5DA} = {892C4A3C-BAC6-41AD-9C56-19E5AD5D2994}
		{6F35F3E8-5939-4874-93B6-B7E31C0D8BC8} = {892C4A3C-BAC6-41AD-9C56-19E5AD5D2994}
		{4C9373F1-7CE9-4CDA-9EEC-4C36A69E5006} = {5C5F5040-85BC-4A62-BD97-48A113495AB0}
	EndGlobalSection
EndGlobal
